
Microsoft Visual Studio Solution File, Format Version 12.00
# Visual Studio Version 17
VisualStudioVersion = 17.11.35327.3
MinimumVisualStudioVersion = 10.0.40219.1
Project("{2150E333-8FDC-42A3-9474-1A3956D46DE8}") = "src", "src", "{542A66AA-1C98-4F4A-9152-9846AADA8B4D}"
EndProject
Project("{2150E333-8FDC-42A3-9474-1A3956D46DE8}") = "Solution Items", "Solution Items", "{A627C6EA-C9F4-40A1-8B3E-C96F1447B58D}"
	ProjectSection(SolutionItems) = preProject
		LICENSE = LICENSE
		README.md = README.md
	EndProjectSection
EndProject
Project("{2150E333-8FDC-42A3-9474-1A3956D46DE8}") = "tests", "tests", "{96A6CAFD-B413-401D-97B5-27CA8A52DB03}"
EndProject
Project("{9A19103F-16F7-4668-BE54-9A1E7A4F7556}") = "Vertizens.SliceR.Operations.EntityFrameworkCore", "src\Vertizens.SliceR.Operations.EntityFrameworkCore\Vertizens.SliceR.Operations.EntityFrameworkCore.csproj", "{0FAE44B1-08F3-48CD-89BD-FD5CEB167EEF}"
EndProject
Project("{9A19103F-16F7-4668-BE54-9A1E7A4F7556}") = "Vertizens.SliceR.Operations.EntityFrameworkCore.Tests", "tests\Vertizens.SliceR.Operations.EntityFrameworkCore.Tests\Vertizens.SliceR.Operations.EntityFrameworkCore.Tests.csproj", "{644FFEC8-D25E-44CA-99CE-8F9A81848EAB}"
EndProject
Global
	GlobalSection(SolutionConfigurationPlatforms) = preSolution
		Debug|Any CPU = Debug|Any CPU
		Release|Any CPU = Release|Any CPU
	EndGlobalSection
	GlobalSection(ProjectConfigurationPlatforms) = postSolution
		{0FAE44B1-08F3-48CD-89BD-FD5CEB167EEF}.Debug|Any CPU.ActiveCfg = Debug|Any CPU
		{0FAE44B1-08F3-48CD-89BD-FD5CEB167EEF}.Debug|Any CPU.Build.0 = Debug|Any CPU
		{0FAE44B1-08F3-48CD-89BD-FD5CEB167EEF}.Release|Any CPU.ActiveCfg = Release|Any CPU
		{0FAE44B1-08F3-48CD-89BD-FD5CEB167EEF}.Release|Any CPU.Build.0 = Release|Any CPU
		{644FFEC8-D25E-44CA-99CE-8F9A81848EAB}.Debug|Any CPU.ActiveCfg = Debug|Any CPU
		{644FFEC8-D25E-44CA-99CE-8F9A81848EAB}.Debug|Any CPU.Build.0 = Debug|Any CPU
		{644FFEC8-D25E-44CA-99CE-8F9A81848EAB}.Release|Any CPU.ActiveCfg = Release|Any CPU
		{644FFEC8-D25E-44CA-99CE-8F9A81848EAB}.Release|Any CPU.Build.0 = Release|Any CPU
	EndGlobalSection
	GlobalSection(SolutionProperties) = preSolution
		HideSolutionNode = FALSE
	EndGlobalSection
	GlobalSection(NestedProjects) = preSolution
		{0FAE44B1-08F3-48CD-89BD-FD5CEB167EEF} = {542A66AA-1C98-4F4A-9152-9846AADA8B4D}
		{644FFEC8-D25E-44CA-99CE-8F9A81848EAB} = {96A6CAFD-B413-401D-97B5-27CA8A52DB03}
	EndGlobalSection
	GlobalSection(ExtensibilityGlobals) = postSolution
		SolutionGuid = {109AD95B-3970-4C1D-BCBC-18395B0E4DA0}
	EndGlobalSection
EndGlobal
